
Microsoft Visual Studio Solution File, Format Version 12.00
# Visual Studio Version 16
VisualStudioVersion = 16.0.30204.135
MinimumVisualStudioVersion = 10.0.40219.1
Project("{9A19103F-16F7-4668-BE54-9A1E7A4F7556}") = "ToDoList.Server", "Server\ToDoList.Server.csproj", "{7CA74C3A-1A6F-4017-8187-A4F858EB7AA0}"
EndProject
Project("{9A19103F-16F7-4668-BE54-9A1E7A4F7556}") = "ToDoList.Client", "Client\ToDoList.Client.csproj", "{114F3175-1A54-4020-94DE-9A0F9D45ED50}"
EndProject
Project("{9A19103F-16F7-4668-BE54-9A1E7A4F7556}") = "ToDoList.Shared", "Shared\ToDoList.Shared.csproj", "{A20314C4-6800-46C9-A5F9-6BBCA266CB5D}"
EndProject
Global
	GlobalSection(SolutionConfigurationPlatforms) = preSolution
		Debug|Any CPU = Debug|Any CPU
		Release|Any CPU = Release|Any CPU
	EndGlobalSection
	GlobalSection(ProjectConfigurationPlatforms) = postSolution
		{7CA74C3A-1A6F-4017-8187-A4F858EB7AA0}.Debug|Any CPU.ActiveCfg = Debug|Any CPU
		{7CA74C3A-1A6F-4017-8187-A4F858EB7AA0}.Debug|Any CPU.Build.0 = Debug|Any CPU
		{7CA74C3A-1A6F-4017-8187-A4F858EB7AA0}.Release|Any CPU.ActiveCfg = Release|Any CPU
		{7CA74C3A-1A6F-4017-8187-A4F858EB7AA0}.Release|Any CPU.Build.0 = Release|Any CPU
		{114F3175-1A54-4020-94DE-9A0F9D45ED50}.Debug|Any CPU.ActiveCfg = Debug|Any CPU
		{114F3175-1A54-4020-94DE-9A0F9D45ED50}.Debug|Any CPU.Build.0 = Debug|Any CPU
		{114F3175-1A54-4020-94DE-9A0F9D45ED50}.Release|Any CPU.ActiveCfg = Release|Any CPU
		{114F3175-1A54-4020-94DE-9A0F9D45ED50}.Release|Any CPU.Build.0 = Release|Any CPU
		{A20314C4-6800-46C9-A5F9-6BBCA266CB5D}.Debug|Any CPU.ActiveCfg = Debug|Any CPU
		{A20314C4-6800-46C9-A5F9-6BBCA266CB5D}.Debug|Any CPU.Build.0 = Debug|Any CPU
		{A20314C4-6800-46C9-A5F9-6BBCA266CB5D}.Release|Any CPU.ActiveCfg = Release|Any CPU
		{A20314C4-6800-46C9-A5F9-6BBCA266CB5D}.Release|Any CPU.Build.0 = Release|Any CPU
	EndGlobalSection
	GlobalSection(SolutionProperties) = preSolution
		HideSolutionNode = FALSE
	EndGlobalSection
	GlobalSection(ExtensibilityGlobals) = postSolution
		SolutionGuid = {112D938C-BA0B-4DB6-B52D-0E4446EC5876}
	EndGlobalSection
EndGlobal
